
Microsoft Visual Studio Solution File, Format Version 12.00
# Visual Studio Version 17
VisualStudioVersion = 17.4.33213.308
MinimumVisualStudioVersion = 10.0.40219.1
Project("{FAE04EC0-301F-11D3-BF4B-00C04F79EFBC}") = "Customers.Api", "Eagle.Micro.Customers.Api\Customers.Api.csproj", "{3C6393D0-AC26-4ECE-AB7E-A9EE67A21522}"
EndProject
Project("{2150E333-8FDC-42A3-9474-1A3956D46DE8}") = "Customers", "Customers", "{F36B2034-9905-47B3-B1E4-F1AFAF86A775}"
EndProject
Project("{2150E333-8FDC-42A3-9474-1A3956D46DE8}") = "Machines", "Machines", "{35623F61-0B0E-4615-A630-9CE968A11723}"
EndProject
Project("{FAE04EC0-301F-11D3-BF4B-00C04F79EFBC}") = "Customers.Domain", "Customers.Domain\Customers.Domain.csproj", "{4F6279C5-B11A-4C43-8679-5A738EB6561A}"
EndProject
Project("{FAE04EC0-301F-11D3-BF4B-00C04F79EFBC}") = "Machines.Domain", "Machines.Domain\Machines.Domain.csproj", "{21FFCF7E-FF36-4A40-904E-5A4D4811F6E6}"
EndProject
Project("{2150E333-8FDC-42A3-9474-1A3956D46DE8}") = "Core", "Core", "{4C0ED613-45F9-490B-85A0-E90E3C5CDB97}"
EndProject
Project("{FAE04EC0-301F-11D3-BF4B-00C04F79EFBC}") = "Core.Domain", "Core.Domain\Core.Domain.csproj", "{9C0F2C95-D4D1-4206-ACA8-76C132AF4171}"
EndProject
Project("{2150E333-8FDC-42A3-9474-1A3956D46DE8}") = "Microservices", "Microservices", "{CF58472D-BC63-43AC-9BE1-3F86CFC78EE6}"
EndProject
Project("{2150E333-8FDC-42A3-9474-1A3956D46DE8}") = "Clients", "Clients", "{A8ED9E9F-C0BA-41DF-8DF0-A116E3261745}"
EndProject
Project("{FAE04EC0-301F-11D3-BF4B-00C04F79EFBC}") = "Customers.Infrastructure", "Customers.Infrastructure\Customers.Infrastructure.csproj", "{231330BE-B9A8-4657-B9E0-F55DD70CFCD3}"
EndProject
Project("{FAE04EC0-301F-11D3-BF4B-00C04F79EFBC}") = "Core.Infrastructure", "Core.Infrastructure\Core.Infrastructure.csproj", "{5FA07E8E-4ECD-481F-8E02-FB166D5D58CA}"
EndProject
Project("{FAE04EC0-301F-11D3-BF4B-00C04F79EFBC}") = "Machines.Api", "Machines.Api\Machines.Api.csproj", "{F3A5EBAD-353F-4388-A6BA-968EF7F2A02F}"
EndProject
Project("{FAE04EC0-301F-11D3-BF4B-00C04F79EFBC}") = "Machines.Infrastucture", "Machines.Infrastucture\Machines.Infrastucture.csproj", "{CF7BA20D-0809-4017-9607-1EDC95205B46}"
EndProject
Global
	GlobalSection(SolutionConfigurationPlatforms) = preSolution
		Debug|Any CPU = Debug|Any CPU
		Release|Any CPU = Release|Any CPU
	EndGlobalSection
	GlobalSection(ProjectConfigurationPlatforms) = postSolution
		{3C6393D0-AC26-4ECE-AB7E-A9EE67A21522}.Debug|Any CPU.ActiveCfg = Debug|Any CPU
		{3C6393D0-AC26-4ECE-AB7E-A9EE67A21522}.Debug|Any CPU.Build.0 = Debug|Any CPU
		{3C6393D0-AC26-4ECE-AB7E-A9EE67A21522}.Release|Any CPU.ActiveCfg = Release|Any CPU
		{3C6393D0-AC26-4ECE-AB7E-A9EE67A21522}.Release|Any CPU.Build.0 = Release|Any CPU
		{4F6279C5-B11A-4C43-8679-5A738EB6561A}.Debug|Any CPU.ActiveCfg = Debug|Any CPU
		{4F6279C5-B11A-4C43-8679-5A738EB6561A}.Debug|Any CPU.Build.0 = Debug|Any CPU
		{4F6279C5-B11A-4C43-8679-5A738EB6561A}.Release|Any CPU.ActiveCfg = Release|Any CPU
		{4F6279C5-B11A-4C43-8679-5A738EB6561A}.Release|Any CPU.Build.0 = Release|Any CPU
		{21FFCF7E-FF36-4A40-904E-5A4D4811F6E6}.Debug|Any CPU.ActiveCfg = Debug|Any CPU
		{21FFCF7E-FF36-4A40-904E-5A4D4811F6E6}.Debug|Any CPU.Build.0 = Debug|Any CPU
		{21FFCF7E-FF36-4A40-904E-5A4D4811F6E6}.Release|Any CPU.ActiveCfg = Release|Any CPU
		{21FFCF7E-FF36-4A40-904E-5A4D4811F6E6}.Release|Any CPU.Build.0 = Release|Any CPU
		{9C0F2C95-D4D1-4206-ACA8-76C132AF4171}.Debug|Any CPU.ActiveCfg = Debug|Any CPU
		{9C0F2C95-D4D1-4206-ACA8-76C132AF4171}.Debug|Any CPU.Build.0 = Debug|Any CPU
		{9C0F2C95-D4D1-4206-ACA8-76C132AF4171}.Release|Any CPU.ActiveCfg = Release|Any CPU
		{9C0F2C95-D4D1-4206-ACA8-76C132AF4171}.Release|Any CPU.Build.0 = Release|Any CPU
		{231330BE-B9A8-4657-B9E0-F55DD70CFCD3}.Debug|Any CPU.ActiveCfg = Debug|Any CPU
		{231330BE-B9A8-4657-B9E0-F55DD70CFCD3}.Debug|Any CPU.Build.0 = Debug|Any CPU
		{231330BE-B9A8-4657-B9E0-F55DD70CFCD3}.Release|Any CPU.ActiveCfg = Release|Any CPU
		{231330BE-B9A8-4657-B9E0-F55DD70CFCD3}.Release|Any CPU.Build.0 = Release|Any CPU
		{5FA07E8E-4ECD-481F-8E02-FB166D5D58CA}.Debug|Any CPU.ActiveCfg = Debug|Any CPU
		{5FA07E8E-4ECD-481F-8E02-FB166D5D58CA}.Debug|Any CPU.Build.0 = Debug|Any CPU
		{5FA07E8E-4ECD-481F-8E02-FB166D5D58CA}.Release|Any CPU.ActiveCfg = Release|Any CPU
		{5FA07E8E-4ECD-481F-8E02-FB166D5D58CA}.Release|Any CPU.Build.0 = Release|Any CPU
		{F3A5EBAD-353F-4388-A6BA-968EF7F2A02F}.Debug|Any CPU.ActiveCfg = Debug|Any CPU
		{F3A5EBAD-353F-4388-A6BA-968EF7F2A02F}.Debug|Any CPU.Build.0 = Debug|Any CPU
		{F3A5EBAD-353F-4388-A6BA-968EF7F2A02F}.Release|Any CPU.ActiveCfg = Release|Any CPU
		{F3A5EBAD-353F-4388-A6BA-968EF7F2A02F}.Release|Any CPU.Build.0 = Release|Any CPU
		{CF7BA20D-0809-4017-9607-1EDC95205B46}.Debug|Any CPU.ActiveCfg = Debug|Any CPU
		{CF7BA20D-0809-4017-9607-1EDC95205B46}.Debug|Any CPU.Build.0 = Debug|Any CPU
		{CF7BA20D-0809-4017-9607-1EDC95205B46}.Release|Any CPU.ActiveCfg = Release|Any CPU
		{CF7BA20D-0809-4017-9607-1EDC95205B46}.Release|Any CPU.Build.0 = Release|Any CPU
	EndGlobalSection
	GlobalSection(SolutionProperties) = preSolution
		HideSolutionNode = FALSE
	EndGlobalSection
	GlobalSection(NestedProjects) = preSolution
		{3C6393D0-AC26-4ECE-AB7E-A9EE67A21522} = {F36B2034-9905-47B3-B1E4-F1AFAF86A775}
		{F36B2034-9905-47B3-B1E4-F1AFAF86A775} = {CF58472D-BC63-43AC-9BE1-3F86CFC78EE6}
		{35623F61-0B0E-4615-A630-9CE968A11723} = {CF58472D-BC63-43AC-9BE1-3F86CFC78EE6}
		{4F6279C5-B11A-4C43-8679-5A738EB6561A} = {F36B2034-9905-47B3-B1E4-F1AFAF86A775}
		{21FFCF7E-FF36-4A40-904E-5A4D4811F6E6} = {35623F61-0B0E-4615-A630-9CE968A11723}
		{9C0F2C95-D4D1-4206-ACA8-76C132AF4171} = {4C0ED613-45F9-490B-85A0-E90E3C5CDB97}
		{231330BE-B9A8-4657-B9E0-F55DD70CFCD3} = {F36B2034-9905-47B3-B1E4-F1AFAF86A775}
		{5FA07E8E-4ECD-481F-8E02-FB166D5D58CA} = {4C0ED613-45F9-490B-85A0-E90E3C5CDB97}
		{F3A5EBAD-353F-4388-A6BA-968EF7F2A02F} = {35623F61-0B0E-4615-A630-9CE968A11723}
		{CF7BA20D-0809-4017-9607-1EDC95205B46} = {35623F61-0B0E-4615-A630-9CE968A11723}
	EndGlobalSection
	GlobalSection(ExtensibilityGlobals) = postSolution
		SolutionGuid = {E3ECE1E0-2FC6-455B-9A46-F1497AB6611D}
	EndGlobalSection
EndGlobal
